{
  "name": "valen-blog",
  "version": "1.0.0",
  "lockfileVersion": 3,
  "requires": true,
  "packages": {
    "": {
      "name": "valen-blog",
      "version": "1.0.0",
      "dependencies": {
        "@astrojs/mdx": "latest",
        "@astrojs/rss": "latest",
        "astro": "latest"
      }
    }
  }
}
